// !$*UTF8*$!
{
	archiveVersion = 1;
	classes = {
	};
	objectVersion = 56;
	objects = {

/* Begin PBXBuildFile section */
		A01005842B41106C00483E4D /* 2. 타입.c in Sources */ = {isa = PBXBuildFile; fileRef = A01005832B41106C00483E4D /* 2. 타입.c */; };
		A0438EA02B3FDE5800643F18 /* 1. C언어의 개요.c in Sources */ = {isa = PBXBuildFile; fileRef = A0438E9F2B3FDE5800643F18 /* 1. C언어의 개요.c */; };
		A0EBF84E2B3FD6C00098B89F /* main.c in Sources */ = {isa = PBXBuildFile; fileRef = A0EBF84D2B3FD6C00098B89F /* main.c */; };
/* End PBXBuildFile section */

/* Begin PBXCopyFilesBuildPhase section */
		A0EBF8482B3FD6C00098B89F /* CopyFiles */ = {
			isa = PBXCopyFilesBuildPhase;
			buildActionMask = 2147483647;
			dstPath = /usr/share/man/man1/;
			dstSubfolderSpec = 0;
			files = (
			);
			runOnlyForDeploymentPostprocessing = 1;
		};
/* End PBXCopyFilesBuildPhase section */

/* Begin PBXFileReference section */
		A01005822B41106C00483E4D /* 2. 타입.h */ = {isa = PBXFileReference; lastKnownFileType = sourcecode.c.h; path = "2. 타입.h"; sourceTree = "<group>"; };
		A01005832B41106C00483E4D /* 2. 타입.c */ = {isa = PBXFileReference; lastKnownFileType = sourcecode.c.c; path = "2. 타입.c"; sourceTree = "<group>"; };
		A0438E9E2B3FDE5800643F18 /* 1. C언어의 개요.h */ = {isa = PBXFileReference; lastKnownFileType = sourcecode.c.h; path = "1. C언어의 개요.h"; sourceTree = "<group>"; };
		A0438E9F2B3FDE5800643F18 /* 1. C언어의 개요.c */ = {isa = PBXFileReference; lastKnownFileType = sourcecode.c.c; path = "1. C언어의 개요.c"; sourceTree = "<group>"; };
		A0EBF84A2B3FD6C00098B89F /* CGrammar */ = {isa = PBXFileReference; explicitFileType = "compiled.mach-o.executable"; includeInIndex = 0; path = CGrammar; sourceTree = BUILT_PRODUCTS_DIR; };
		A0EBF84D2B3FD6C00098B89F /* main.c */ = {isa = PBXFileReference; lastKnownFileType = sourcecode.c.c; path = main.c; sourceTree = "<group>"; };
/* End PBXFileReference section */

/* Begin PBXFrameworksBuildPhase section */
		A0EBF8472B3FD6C00098B89F /* Frameworks */ = {
			isa = PBXFrameworksBuildPhase;
			buildActionMask = 2147483647;
			files = (
			);
			runOnlyForDeploymentPostprocessing = 0;
		};
/* End PBXFrameworksBuildPhase section */

/* Begin PBXGroup section */
		A0EBF8412B3FD6C00098B89F = {
			isa = PBXGroup;
			children = (
				A0EBF84C2B3FD6C00098B89F /* CGrammar */,
				A0EBF84B2B3FD6C00098B89F /* Products */,
			);
			sourceTree = "<group>";
		};
		A0EBF84B2B3FD6C00098B89F /* Products */ = {
			isa = PBXGroup;
			children = (
				A0EBF84A2B3FD6C00098B89F /* CGrammar */,
			);
			name = Products;
			sourceTree = "<group>";
		};
		A0EBF84C2B3FD6C00098B89F /* CGrammar */ = {
			isa = PBXGroup;
			children = (
				A0EBF84D2B3FD6C00098B89F /* main.c */,
				A0438E9E2B3FDE5800643F18 /* 1. C언어의 개요.h */,
				A0438E9F2B3FDE5800643F18 /* 1. C언어의 개요.c */,
				A01005822B41106C00483E4D /* 2. 타입.h */,
				A01005832B41106C00483E4D /* 2. 타입.c */,
			);
			path = CGrammar;
			sourceTree = "<group>";
		};
/* End PBXGroup section */

/* Begin PBXNativeTarget section */
		A0EBF8492B3FD6C00098B89F /* CGrammar */ = {
			isa = PBXNativeTarget;
			buildConfigurationList = A0EBF8512B3FD6C00098B89F /* Build configuration list for PBXNativeTarget "CGrammar" */;
			buildPhases = (
				A0EBF8462B3FD6C00098B89F /* Sources */,
				A0EBF8472B3FD6C00098B89F /* Frameworks */,
				A0EBF8482B3FD6C00098B89F /* CopyFiles */,
			);
			buildRules = (
			);
			dependencies = (
			);
			name = CGrammar;
			productName = CGrammar;
			productReference = A0EBF84A2B3FD6C00098B89F /* CGrammar */;
			productType = "com.apple.product-type.tool";
		};
/* End PBXNativeTarget section */

/* Begin PBXProject section */
		A0EBF8422B3FD6C00098B89F /* Project object */ = {
			isa = PBXProject;
			attributes = {
				BuildIndependentTargetsInParallel = 1;
				LastUpgradeCheck = 1430;
				TargetAttributes = {
					A0EBF8492B3FD6C00098B89F = {
						CreatedOnToolsVersion = 14.3.1;
					};
				};
			};
			buildConfigurationList = A0EBF8452B3FD6C00098B89F /* Build configuration list for PBXProject "CGrammar" */;
			compatibilityVersion = "Xcode 14.0";
			developmentRegion = en;
			hasScannedForEncodings = 0;
			knownRegions = (
				en,
				Base,
			);
			mainGroup = A0EBF8412B3FD6C00098B89F;
			productRefGroup = A0EBF84B2B3FD6C00098B89F /* Products */;
			projectDirPath = "";
			projectRoot = "";
			targets = (
				A0EBF8492B3FD6C00098B89F /* CGrammar */,
			);
		};
/* End PBXProject section */

/* Begin PBXSourcesBuildPhase section */
		A0EBF8462B3FD6C00098B89F /* Sources */ = {
			isa = PBXSourcesBuildPhase;
			buildActionMask = 2147483647;
			files = (
				A01005842B41106C00483E4D /* 2. 타입.c in Sources */,
				A0EBF84E2B3FD6C00098B89F /* main.c in Sources */,
				A0438EA02B3FDE5800643F18 /* 1. C언어의 개요.c in Sources */,
			);
			runOnlyForDeploymentPostprocessing = 0;
		};
/* End PBXSourcesBuildPhase section */

/* Begin XCBuildConfiguration section */
		A0EBF84F2B3FD6C00098B89F /* Debug */ = {
			isa = XCBuildConfiguration;
			buildSettings = {
				ALWAYS_SEARCH_USER_PATHS = NO;
				CLANG_ANALYZER_NONNULL = YES;
				CLANG_ANALYZER_NUMBER_OBJECT_CONVERSION = YES_AGGRESSIVE;
				CLANG_CXX_LANGUAGE_STANDARD = "gnu++20";
				CLANG_ENABLE_MODULES = YES;
				CLANG_ENABLE_OBJC_ARC = YES;
				CLANG_ENABLE_OBJC_WEAK = YES;
				CLANG_WARN_BLOCK_CAPTURE_AUTORELEASING = YES;
				CLANG_WARN_BOOL_CONVERSION = YES;
				CLANG_WARN_COMMA = YES;
				CLANG_WARN_CONSTANT_CONVERSION = YES;
				CLANG_WARN_DEPRECATED_OBJC_IMPLEMENTATIONS = YES;
				CLANG_WARN_DIRECT_OBJC_ISA_USAGE = YES_ERROR;
				CLANG_WARN_DOCUMENTATION_COMMENTS = YES;
				CLANG_WARN_EMPTY_BODY = YES;
				CLANG_WARN_ENUM_CONVERSION = YES;
				CLANG_WARN_INFINITE_RECURSION = YES;
				CLANG_WARN_INT_CONVERSION = YES;
				CLANG_WARN_NON_LITERAL_NULL_CONVERSION = YES;
				CLANG_WARN_OBJC_IMPLICIT_RETAIN_SELF = YES;
				CLANG_WARN_OBJC_LITERAL_CONVERSION = YES;
				CLANG_WARN_OBJC_ROOT_CLASS = YES_ERROR;
				CLANG_WARN_QUOTED_INCLUDE_IN_FRAMEWORK_HEADER = YES;
				CLANG_WARN_RANGE_LOOP_ANALYSIS = YES;
				CLANG_WARN_STRICT_PROTOTYPES = YES;
				CLANG_WARN_SUSPICIOUS_MOVE = YES;
				CLANG_WARN_UNGUARDED_AVAILABILITY = YES_AGGRESSIVE;
				CLANG_WARN_UNREACHABLE_CODE = YES;
				CLANG_WARN__DUPLICATE_METHOD_MATCH = YES;
				COPY_PHASE_STRIP = NO;
				DEBUG_INFORMATION_FORMAT = dwarf;
				ENABLE_STRICT_OBJC_MSGSEND = YES;
				ENABLE_TESTABILITY = YES;
				GCC_C_LANGUAGE_STANDARD = gnu11;
				GCC_DYNAMIC_NO_PIC = NO;
				GCC_NO_COMMON_BLOCKS = YES;
				GCC_OPTIMIZATION_LEVEL = 0;
				GCC_PREPROCESSOR_DEFINITIONS = (
					"DEBUG=1",
					"$(inherited)",
				);
				GCC_WARN_64_TO_32_BIT_CONVERSION = YES;
				GCC_WARN_ABOUT_RETURN_TYPE = YES_ERROR;
				GCC_WARN_UNDECLARED_SELECTOR = YES;
				GCC_WARN_UNINITIALIZED_AUTOS = YES_AGGRESSIVE;
				GCC_WARN_UNUSED_FUNCTION = YES;
				GCC_WARN_UNUSED_VARIABLE = YES;
				MACOSX_DEPLOYMENT_TARGET = 13.3;
				MTL_ENABLE_DEBUG_INFO = INCLUDE_SOURCE;
				MTL_FAST_MATH = YES;
				ONLY_ACTIVE_ARCH = YES;
				SDKROOT = macosx;
			};
			name = Debug;
		};
		A0EBF8502B3FD6C00098B89F /* Release */ = {
			isa = XCBuildConfiguration;
			buildSettings = {
				ALWAYS_SEARCH_USER_PATHS = NO;
				CLANG_ANALYZER_NONNULL = YES;
				CLANG_ANALYZER_NUMBER_OBJECT_CONVERSION = YES_AGGRESSIVE;
				CLANG_CXX_LANGUAGE_STANDARD = "gnu++20";
				CLANG_ENABLE_MODULES = YES;
				CLANG_ENABLE_OBJC_ARC = YES;
				CLANG_ENABLE_OBJC_WEAK = YES;
				CLANG_WARN_BLOCK_CAPTURE_AUTORELEASING = YES;
				CLANG_WARN_BOOL_CONVERSION = YES;
				CLANG_WARN_COMMA = YES;
				CLANG_WARN_CONSTANT_CONVERSION = YES;
				CLANG_WARN_DEPRECATED_OBJC_IMPLEMENTATIONS = YES;
				CLANG_WARN_DIRECT_OBJC_ISA_USAGE = YES_ERROR;
				CLANG_WARN_DOCUMENTATION_COMMENTS = YES;
				CLANG_WARN_EMPTY_BODY = YES;
				CLANG_WARN_ENUM_CONVERSION = YES;
				CLANG_WARN_INFINITE_RECURSION = YES;
				CLANG_WARN_INT_CONVERSION = YES;
				CLANG_WARN_NON_LITERAL_NULL_CONVERSION = YES;
				CLANG_WARN_OBJC_IMPLICIT_RETAIN_SELF = YES;
				CLANG_WARN_OBJC_LITERAL_CONVERSION = YES;
				CLANG_WARN_OBJC_ROOT_CLASS = YES_ERROR;
				CLANG_WARN_QUOTED_INCLUDE_IN_FRAMEWORK_HEADER = YES;
				CLANG_WARN_RANGE_LOOP_ANALYSIS = YES;
				CLANG_WARN_STRICT_PROTOTYPES = YES;
				CLANG_WARN_SUSPICIOUS_MOVE = YES;
				CLANG_WARN_UNGUARDED_AVAILABILITY = YES_AGGRESSIVE;
				CLANG_WARN_UNREACHABLE_CODE = YES;
				CLANG_WARN__DUPLICATE_METHOD_MATCH = YES;
				COPY_PHASE_STRIP = NO;
				DEBUG_INFORMATION_FORMAT = "dwarf-with-dsym";
				ENABLE_NS_ASSERTIONS = NO;
				ENABLE_STRICT_OBJC_MSGSEND = YES;
				GCC_C_LANGUAGE_STANDARD = gnu11;
				GCC_NO_COMMON_BLOCKS = YES;
				GCC_WARN_64_TO_32_BIT_CONVERSION = YES;
				GCC_WARN_ABOUT_RETURN_TYPE = YES_ERROR;
				GCC_WARN_UNDECLARED_SELECTOR = YES;
				GCC_WARN_UNINITIALIZED_AUTOS = YES_AGGRESSIVE;
				GCC_WARN_UNUSED_FUNCTION = YES;
				GCC_WARN_UNUSED_VARIABLE = YES;
				MACOSX_DEPLOYMENT_TARGET = 13.3;
				MTL_ENABLE_DEBUG_INFO = NO;
				MTL_FAST_MATH = YES;
				SDKROOT = macosx;
			};
			name = Release;
		};
		A0EBF8522B3FD6C00098B89F /* Debug */ = {
			isa = XCBuildConfiguration;
			buildSettings = {
				CODE_SIGN_STYLE = Automatic;
				PRODUCT_NAME = "$(TARGET_NAME)";
			};
			name = Debug;
		};
		A0EBF8532B3FD6C00098B89F /* Release */ = {
			isa = XCBuildConfiguration;
			buildSettings = {
				CODE_SIGN_STYLE = Automatic;
				PRODUCT_NAME = "$(TARGET_NAME)";
			};
			name = Release;
		};
/* End XCBuildConfiguration section */

/* Begin XCConfigurationList section */
		A0EBF8452B3FD6C00098B89F /* Build configuration list for PBXProject "CGrammar" */ = {
			isa = XCConfigurationList;
			buildConfigurations = (
				A0EBF84F2B3FD6C00098B89F /* Debug */,
				A0EBF8502B3FD6C00098B89F /* Release */,
			);
			defaultConfigurationIsVisible = 0;
			defaultConfigurationName = Release;
		};
		A0EBF8512B3FD6C00098B89F /* Build configuration list for PBXNativeTarget "CGrammar" */ = {
			isa = XCConfigurationList;
			buildConfigurations = (
				A0EBF8522B3FD6C00098B89F /* Debug */,
				A0EBF8532B3FD6C00098B89F /* Release */,
			);
			defaultConfigurationIsVisible = 0;
			defaultConfigurationName = Release;
		};
/* End XCConfigurationList section */
	};
	rootObject = A0EBF8422B3FD6C00098B89F /* Project object */;
}
